{
  "nodes": {
    "nixpkgs": {
      "locked": {
        "lastModified": 1663385039,
        "narHash": "sha256-KCo7+qF6G8cA2Cae3aIP1aEBAWEHGMl9oOmk4B/zfe8=",
        "owner": "picostove",
        "repo": "nixpkgs",
        "rev": "5e7a4be6e0e497b6a4d8b842d451cd427449e4a0",
        "type": "github"
      },
      "original": {
        "owner": "picostove",
        "ref": "dev/stove/riscv64-cross-boot-test",
        "repo": "nixpkgs",
        "type": "github"
      }
    },
    "root": {
      "inputs": {
        "nixpkgs": "nixpkgs"
      }
    }
  },
  "root": "root",
  "version": 7
}
