{
  "nodes": {
    "nixpkgs": {
      "locked": {
        "lastModified": 1666156340,
        "narHash": "sha256-jRx9zs3fe/alu292djpCk2AVJrb5VfHxSWZN2oLL9qo=",
        "owner": "picostove",
        "repo": "nixpkgs",
        "rev": "5409631feb0f3f263a3122730b17767862e2cb29",
        "type": "github"
      },
      "original": {
        "owner": "picostove",
        "ref": "dev/stove/riscv64-cross-boot-test",
        "repo": "nixpkgs",
        "type": "github"
      }
    },
    "root": {
      "inputs": {
        "nixpkgs": "nixpkgs"
      }
    }
  },
  "root": "root",
  "version": 7
}
